
Microsoft Visual Studio Solution File, Format Version 12.00
# Visual Studio Version 17
VisualStudioVersion = 17.0.31903.59
MinimumVisualStudioVersion = 10.0.40219.1
Project("{FAE04EC0-301F-11D3-BF4B-00C04F79EFBC}") = "MoreSaves", "MoreSaves.csproj", "{A6131E35-94BF-47DD-BC3F-BD188C197ECD}"
EndProject
Global
	GlobalSection(SolutionConfigurationPlatforms) = preSolution
		Debug-BepInEx|Any CPU = Debug-BepInEx|Any CPU
		Release-BepInEx|Any CPU = Release-BepInEx|Any CPU
		Debug-MelonLoader|Any CPU = Debug-MelonLoader|Any CPU
		Release-MelonLoader|Any CPU = Release-MelonLoader|Any CPU
	EndGlobalSection
	GlobalSection(SolutionProperties) = preSolution
		HideSolutionNode = FALSE
	EndGlobalSection
	GlobalSection(ProjectConfigurationPlatforms) = postSolution
		{A6131E35-94BF-47DD-BC3F-BD188C197ECD}.Debug-BepInEx|Any CPU.ActiveCfg = Debug-BepInEx|Any CPU
		{A6131E35-94BF-47DD-BC3F-BD188C197ECD}.Debug-BepInEx|Any CPU.Build.0 = Debug-BepInEx|Any CPU
		{A6131E35-94BF-47DD-BC3F-BD188C197ECD}.Release-BepInEx|Any CPU.ActiveCfg = Release-BepInEx|Any CPU
		{A6131E35-94BF-47DD-BC3F-BD188C197ECD}.Release-BepInEx|Any CPU.Build.0 = Release-BepInEx|Any CPU
		{A6131E35-94BF-47DD-BC3F-BD188C197ECD}.Debug-MelonLoader|Any CPU.ActiveCfg = Debug-MelonLoader|Any CPU
		{A6131E35-94BF-47DD-BC3F-BD188C197ECD}.Debug-MelonLoader|Any CPU.Build.0 = Debug-MelonLoader|Any CPU
		{A6131E35-94BF-47DD-BC3F-BD188C197ECD}.Release-MelonLoader|Any CPU.ActiveCfg = Release-MelonLoader|Any CPU
		{A6131E35-94BF-47DD-BC3F-BD188C197ECD}.Release-MelonLoader|Any CPU.Build.0 = Release-MelonLoader|Any CPU
	EndGlobalSection
EndGlobal
